// !$*UTF8*$!
{
	archiveVersion = 1;
	classes = {
	};
	objectVersion = 51;
	objects = {

/* Begin PBXBuildFile section */
		4ED11FE624765D610029DCC6 /* SettingsViewController.m in Sources */ = {isa = PBXBuildFile; fileRef = 4ED11FE324765D610029DCC6 /* SettingsViewController.m */; };
		4ED11FE724765D610029DCC6 /* SettingsViewController.xib in Resources */ = {isa = PBXBuildFile; fileRef = 4ED11FE424765D610029DCC6 /* SettingsViewController.xib */; };
		4ED1B1AB24765B520081FE69 /* AppDelegate.m in Sources */ = {isa = PBXBuildFile; fileRef = 4ED1B1AA24765B520081FE69 /* AppDelegate.m */; };
		4ED1B1AE24765B520081FE69 /* SceneDelegate.m in Sources */ = {isa = PBXBuildFile; fileRef = 4ED1B1AD24765B520081FE69 /* SceneDelegate.m */; };
		4ED1B1B124765B530081FE69 /* ViewController.m in Sources */ = {isa = PBXBuildFile; fileRef = 4ED1B1B024765B530081FE69 /* ViewController.m */; };
		4ED1B1B424765B530081FE69 /* Main.storyboard in Resources */ = {isa = PBXBuildFile; fileRef = 4ED1B1B224765B530081FE69 /* Main.storyboard */; };
		4ED1B1B624765B540081FE69 /* Assets.xcassets in Resources */ = {isa = PBXBuildFile; fileRef = 4ED1B1B524765B540081FE69 /* Assets.xcassets */; };
		4ED1B1B924765B540081FE69 /* LaunchScreen.storyboard in Resources */ = {isa = PBXBuildFile; fileRef = 4ED1B1B724765B540081FE69 /* LaunchScreen.storyboard */; };
		4ED1B1BC24765B540081FE69 /* main.m in Sources */ = {isa = PBXBuildFile; fileRef = 4ED1B1BB24765B540081FE69 /* main.m */; };
		4ED1B1C624765B540081FE69 /* hmsAnalyticsKitDemoTests.m in Sources */ = {isa = PBXBuildFile; fileRef = 4ED1B1C524765B540081FE69 /* hmsAnalyticsKitDemoTests.m */; };
		4ED1B1D124765B540081FE69 /* hmsAnalyticsKitDemoUITests.m in Sources */ = {isa = PBXBuildFile; fileRef = 4ED1B1D024765B540081FE69 /* hmsAnalyticsKitDemoUITests.m */; };
		B96885565CBCC9255C409530 /* Pods_hmsAnalyticsKitDemo.framework in Frameworks */ = {isa = PBXBuildFile; fileRef = 4F7E2A90878D1C2607F169AD /* Pods_hmsAnalyticsKitDemo.framework */; };
		D6A010C678DDD8C6A68CE773 /* Pods_hmsAnalyticsKitDemo_hmsAnalyticsKitDemoUITests.framework in Frameworks */ = {isa = PBXBuildFile; fileRef = 4CDB1E0E915C12BFCD711BA2 /* Pods_hmsAnalyticsKitDemo_hmsAnalyticsKitDemoUITests.framework */; };
/* End PBXBuildFile section */

/* Begin PBXContainerItemProxy section */
		4ED1B1C224765B540081FE69 /* PBXContainerItemProxy */ = {
			isa = PBXContainerItemProxy;
			containerPortal = 4ED1B19E24765B520081FE69 /* Project object */;
			proxyType = 1;
			remoteGlobalIDString = 4ED1B1A524765B520081FE69;
			remoteInfo = hmsAnalyticsKitDemo;
		};
		4ED1B1CD24765B540081FE69 /* PBXContainerItemProxy */ = {
			isa = PBXContainerItemProxy;
			containerPortal = 4ED1B19E24765B520081FE69 /* Project object */;
			proxyType = 1;
			remoteGlobalIDString = 4ED1B1A524765B520081FE69;
			remoteInfo = hmsAnalyticsKitDemo;
		};
/* End PBXContainerItemProxy section */

/* Begin PBXFileReference section */
		1330E0AA35C1618C65D13271 /* Pods-hmsAnalyticsKitDemo-hmsAnalyticsKitDemoUITests.debug.xcconfig */ = {isa = PBXFileReference; includeInIndex = 1; lastKnownFileType = text.xcconfig; name = "Pods-hmsAnalyticsKitDemo-hmsAnalyticsKitDemoUITests.debug.xcconfig"; path = "Target Support Files/Pods-hmsAnalyticsKitDemo-hmsAnalyticsKitDemoUITests/Pods-hmsAnalyticsKitDemo-hmsAnalyticsKitDemoUITests.debug.xcconfig"; sourceTree = "<group>"; };
		4CDB1E0E915C12BFCD711BA2 /* Pods_hmsAnalyticsKitDemo_hmsAnalyticsKitDemoUITests.framework */ = {isa = PBXFileReference; explicitFileType = wrapper.framework; includeInIndex = 0; path = Pods_hmsAnalyticsKitDemo_hmsAnalyticsKitDemoUITests.framework; sourceTree = BUILT_PRODUCTS_DIR; };
		4ED11FE124765D610029DCC6 /* SettingsViewController.h */ = {isa = PBXFileReference; fileEncoding = 4; lastKnownFileType = sourcecode.c.h; path = SettingsViewController.h; sourceTree = "<group>"; };
		4ED11FE324765D610029DCC6 /* SettingsViewController.m */ = {isa = PBXFileReference; fileEncoding = 4; lastKnownFileType = sourcecode.c.objc; path = SettingsViewController.m; sourceTree = "<group>"; };
		4ED11FE424765D610029DCC6 /* SettingsViewController.xib */ = {isa = PBXFileReference; fileEncoding = 4; lastKnownFileType = file.xib; path = SettingsViewController.xib; sourceTree = "<group>"; };
		4ED1B1A624765B520081FE69 /* hmsAnalyticsKitDemo.app */ = {isa = PBXFileReference; explicitFileType = wrapper.application; includeInIndex = 0; path = hmsAnalyticsKitDemo.app; sourceTree = BUILT_PRODUCTS_DIR; };
		4ED1B1A924765B520081FE69 /* AppDelegate.h */ = {isa = PBXFileReference; lastKnownFileType = sourcecode.c.h; path = AppDelegate.h; sourceTree = "<group>"; };
		4ED1B1AA24765B520081FE69 /* AppDelegate.m */ = {isa = PBXFileReference; lastKnownFileType = sourcecode.c.objc; path = AppDelegate.m; sourceTree = "<group>"; };
		4ED1B1AC24765B520081FE69 /* SceneDelegate.h */ = {isa = PBXFileReference; lastKnownFileType = sourcecode.c.h; path = SceneDelegate.h; sourceTree = "<group>"; };
		4ED1B1AD24765B520081FE69 /* SceneDelegate.m */ = {isa = PBXFileReference; lastKnownFileType = sourcecode.c.objc; path = SceneDelegate.m; sourceTree = "<group>"; };
		4ED1B1AF24765B530081FE69 /* ViewController.h */ = {isa = PBXFileReference; lastKnownFileType = sourcecode.c.h; path = ViewController.h; sourceTree = "<group>"; };
		4ED1B1B024765B530081FE69 /* ViewController.m */ = {isa = PBXFileReference; lastKnownFileType = sourcecode.c.objc; path = ViewController.m; sourceTree = "<group>"; };
		4ED1B1B324765B530081FE69 /* Base */ = {isa = PBXFileReference; lastKnownFileType = file.storyboard; name = Base; path = Base.lproj/Main.storyboard; sourceTree = "<group>"; };
		4ED1B1B524765B540081FE69 /* Assets.xcassets */ = {isa = PBXFileReference; lastKnownFileType = folder.assetcatalog; path = Assets.xcassets; sourceTree = "<group>"; };
		4ED1B1B824765B540081FE69 /* Base */ = {isa = PBXFileReference; lastKnownFileType = file.storyboard; name = Base; path = Base.lproj/LaunchScreen.storyboard; sourceTree = "<group>"; };
		4ED1B1BA24765B540081FE69 /* Info.plist */ = {isa = PBXFileReference; lastKnownFileType = text.plist.xml; path = Info.plist; sourceTree = "<group>"; };
		4ED1B1BB24765B540081FE69 /* main.m */ = {isa = PBXFileReference; lastKnownFileType = sourcecode.c.objc; path = main.m; sourceTree = "<group>"; };
		4ED1B1C124765B540081FE69 /* hmsAnalyticsKitDemoTests.xctest */ = {isa = PBXFileReference; explicitFileType = wrapper.cfbundle; includeInIndex = 0; path = hmsAnalyticsKitDemoTests.xctest; sourceTree = BUILT_PRODUCTS_DIR; };
		4ED1B1C524765B540081FE69 /* hmsAnalyticsKitDemoTests.m */ = {isa = PBXFileReference; lastKnownFileType = sourcecode.c.objc; path = hmsAnalyticsKitDemoTests.m; sourceTree = "<group>"; };
		4ED1B1C724765B540081FE69 /* Info.plist */ = {isa = PBXFileReference; lastKnownFileType = text.plist.xml; path = Info.plist; sourceTree = "<group>"; };
		4ED1B1CC24765B540081FE69 /* hmsAnalyticsKitDemoUITests.xctest */ = {isa = PBXFileReference; explicitFileType = wrapper.cfbundle; includeInIndex = 0; path = hmsAnalyticsKitDemoUITests.xctest; sourceTree = BUILT_PRODUCTS_DIR; };
		4ED1B1D024765B540081FE69 /* hmsAnalyticsKitDemoUITests.m */ = {isa = PBXFileReference; lastKnownFileType = sourcecode.c.objc; path = hmsAnalyticsKitDemoUITests.m; sourceTree = "<group>"; };
		4ED1B1D224765B540081FE69 /* Info.plist */ = {isa = PBXFileReference; lastKnownFileType = text.plist.xml; path = Info.plist; sourceTree = "<group>"; };
		4F7E2A90878D1C2607F169AD /* Pods_hmsAnalyticsKitDemo.framework */ = {isa = PBXFileReference; explicitFileType = wrapper.framework; includeInIndex = 0; path = Pods_hmsAnalyticsKitDemo.framework; sourceTree = BUILT_PRODUCTS_DIR; };
		910C2D204480A4F4902A9775 /* Pods-hmsAnalyticsKitDemo-hmsAnalyticsKitDemoUITests.release.xcconfig */ = {isa = PBXFileReference; includeInIndex = 1; lastKnownFileType = text.xcconfig; name = "Pods-hmsAnalyticsKitDemo-hmsAnalyticsKitDemoUITests.release.xcconfig"; path = "Target Support Files/Pods-hmsAnalyticsKitDemo-hmsAnalyticsKitDemoUITests/Pods-hmsAnalyticsKitDemo-hmsAnalyticsKitDemoUITests.release.xcconfig"; sourceTree = "<group>"; };
		BC0B58B7ED803FEC2D298554 /* Pods-hmsAnalyticsKitDemo.debug.xcconfig */ = {isa = PBXFileReference; includeInIndex = 1; lastKnownFileType = text.xcconfig; name = "Pods-hmsAnalyticsKitDemo.debug.xcconfig"; path = "Target Support Files/Pods-hmsAnalyticsKitDemo/Pods-hmsAnalyticsKitDemo.debug.xcconfig"; sourceTree = "<group>"; };
		C122D5C11670DB30EE587953 /* Pods-hmsAnalyticsKitDemo.release.xcconfig */ = {isa = PBXFileReference; includeInIndex = 1; lastKnownFileType = text.xcconfig; name = "Pods-hmsAnalyticsKitDemo.release.xcconfig"; path = "Target Support Files/Pods-hmsAnalyticsKitDemo/Pods-hmsAnalyticsKitDemo.release.xcconfig"; sourceTree = "<group>"; };
/* End PBXFileReference section */

/* Begin PBXFrameworksBuildPhase section */
		4ED1B1A324765B520081FE69 /* Frameworks */ = {
			isa = PBXFrameworksBuildPhase;
			buildActionMask = 2147483647;
			files = (
				B96885565CBCC9255C409530 /* Pods_hmsAnalyticsKitDemo.framework in Frameworks */,
			);
			runOnlyForDeploymentPostprocessing = 0;
		};
		4ED1B1BE24765B540081FE69 /* Frameworks */ = {
			isa = PBXFrameworksBuildPhase;
			buildActionMask = 2147483647;
			files = (
			);
			runOnlyForDeploymentPostprocessing = 0;
		};
		4ED1B1C924765B540081FE69 /* Frameworks */ = {
			isa = PBXFrameworksBuildPhase;
			buildActionMask = 2147483647;
			files = (
				D6A010C678DDD8C6A68CE773 /* Pods_hmsAnalyticsKitDemo_hmsAnalyticsKitDemoUITests.framework in Frameworks */,
			);
			runOnlyForDeploymentPostprocessing = 0;
		};
/* End PBXFrameworksBuildPhase section */

/* Begin PBXGroup section */
		01FDF9E6195DD85577945269 /* Pods */ = {
			isa = PBXGroup;
			children = (
				BC0B58B7ED803FEC2D298554 /* Pods-hmsAnalyticsKitDemo.debug.xcconfig */,
				C122D5C11670DB30EE587953 /* Pods-hmsAnalyticsKitDemo.release.xcconfig */,
				1330E0AA35C1618C65D13271 /* Pods-hmsAnalyticsKitDemo-hmsAnalyticsKitDemoUITests.debug.xcconfig */,
				910C2D204480A4F4902A9775 /* Pods-hmsAnalyticsKitDemo-hmsAnalyticsKitDemoUITests.release.xcconfig */,
			);
			path = Pods;
			sourceTree = "<group>";
		};
		3769C7221E28BFCC90C5BC00 /* Frameworks */ = {
			isa = PBXGroup;
			children = (
				4F7E2A90878D1C2607F169AD /* Pods_hmsAnalyticsKitDemo.framework */,
				4CDB1E0E915C12BFCD711BA2 /* Pods_hmsAnalyticsKitDemo_hmsAnalyticsKitDemoUITests.framework */,
			);
			name = Frameworks;
			sourceTree = "<group>";
		};
		4ED1B19D24765B520081FE69 = {
			isa = PBXGroup;
			children = (
				4ED1B1A824765B520081FE69 /* hmsAnalyticsKitDemo */,
				4ED1B1C424765B540081FE69 /* hmsAnalyticsKitDemoTests */,
				4ED1B1CF24765B540081FE69 /* hmsAnalyticsKitDemoUITests */,
				4ED1B1A724765B520081FE69 /* Products */,
				01FDF9E6195DD85577945269 /* Pods */,
				3769C7221E28BFCC90C5BC00 /* Frameworks */,
			);
			sourceTree = "<group>";
		};
		4ED1B1A724765B520081FE69 /* Products */ = {
			isa = PBXGroup;
			children = (
				4ED1B1A624765B520081FE69 /* hmsAnalyticsKitDemo.app */,
				4ED1B1C124765B540081FE69 /* hmsAnalyticsKitDemoTests.xctest */,
				4ED1B1CC24765B540081FE69 /* hmsAnalyticsKitDemoUITests.xctest */,
			);
			name = Products;
			sourceTree = "<group>";
		};
		4ED1B1A824765B520081FE69 /* hmsAnalyticsKitDemo */ = {
			isa = PBXGroup;
			children = (
				4ED11FE124765D610029DCC6 /* SettingsViewController.h */,
				4ED11FE324765D610029DCC6 /* SettingsViewController.m */,
				4ED11FE424765D610029DCC6 /* SettingsViewController.xib */,
				4ED1B1A924765B520081FE69 /* AppDelegate.h */,
				4ED1B1AA24765B520081FE69 /* AppDelegate.m */,
				4ED1B1AC24765B520081FE69 /* SceneDelegate.h */,
				4ED1B1AD24765B520081FE69 /* SceneDelegate.m */,
				4ED1B1AF24765B530081FE69 /* ViewController.h */,
				4ED1B1B024765B530081FE69 /* ViewController.m */,
				4ED1B1B224765B530081FE69 /* Main.storyboard */,
				4ED1B1B524765B540081FE69 /* Assets.xcassets */,
				4ED1B1B724765B540081FE69 /* LaunchScreen.storyboard */,
				4ED1B1BA24765B540081FE69 /* Info.plist */,
				4ED1B1BB24765B540081FE69 /* main.m */,
			);
			path = hmsAnalyticsKitDemo;
			sourceTree = "<group>";
		};
		4ED1B1C424765B540081FE69 /* hmsAnalyticsKitDemoTests */ = {
			isa = PBXGroup;
			children = (
				4ED1B1C524765B540081FE69 /* hmsAnalyticsKitDemoTests.m */,
				4ED1B1C724765B540081FE69 /* Info.plist */,
			);
			path = hmsAnalyticsKitDemoTests;
			sourceTree = "<group>";
		};
		4ED1B1CF24765B540081FE69 /* hmsAnalyticsKitDemoUITests */ = {
			isa = PBXGroup;
			children = (
				4ED1B1D024765B540081FE69 /* hmsAnalyticsKitDemoUITests.m */,
				4ED1B1D224765B540081FE69 /* Info.plist */,
			);
			path = hmsAnalyticsKitDemoUITests;
			sourceTree = "<group>";
		};
/* End PBXGroup section */

/* Begin PBXNativeTarget section */
		4ED1B1A524765B520081FE69 /* hmsAnalyticsKitDemo */ = {
			isa = PBXNativeTarget;
			buildConfigurationList = 4ED1B1D524765B540081FE69 /* Build configuration list for PBXNativeTarget "hmsAnalyticsKitDemo" */;
			buildPhases = (
				B9AD2F2D2AB4B3F8CD84D326 /* [CP] Check Pods Manifest.lock */,
				4ED1B1A224765B520081FE69 /* Sources */,
				4ED1B1A324765B520081FE69 /* Frameworks */,
				4ED1B1A424765B520081FE69 /* Resources */,
			);
			buildRules = (
			);
			dependencies = (
			);
			name = hmsAnalyticsKitDemo;
			productName = hmsAnalyticsKitDemo;
			productReference = 4ED1B1A624765B520081FE69 /* hmsAnalyticsKitDemo.app */;
			productType = "com.apple.product-type.application";
		};
		4ED1B1C024765B540081FE69 /* hmsAnalyticsKitDemoTests */ = {
			isa = PBXNativeTarget;
			buildConfigurationList = 4ED1B1D824765B540081FE69 /* Build configuration list for PBXNativeTarget "hmsAnalyticsKitDemoTests" */;
			buildPhases = (
				4ED1B1BD24765B540081FE69 /* Sources */,
				4ED1B1BE24765B540081FE69 /* Frameworks */,
				4ED1B1BF24765B540081FE69 /* Resources */,
			);
			buildRules = (
			);
			dependencies = (
				4ED1B1C324765B540081FE69 /* PBXTargetDependency */,
			);
			name = hmsAnalyticsKitDemoTests;
			productName = hmsAnalyticsKitDemoTests;
			productReference = 4ED1B1C124765B540081FE69 /* hmsAnalyticsKitDemoTests.xctest */;
			productType = "com.apple.product-type.bundle.unit-test";
		};
		4ED1B1CB24765B540081FE69 /* hmsAnalyticsKitDemoUITests */ = {
			isa = PBXNativeTarget;
			buildConfigurationList = 4ED1B1DB24765B540081FE69 /* Build configuration list for PBXNativeTarget "hmsAnalyticsKitDemoUITests" */;
			buildPhases = (
				CFBE7A0D0693DC5136CF41B1 /* [CP] Check Pods Manifest.lock */,
				4ED1B1C824765B540081FE69 /* Sources */,
				4ED1B1C924765B540081FE69 /* Frameworks */,
				4ED1B1CA24765B540081FE69 /* Resources */,
			);
			buildRules = (
			);
			dependencies = (
				4ED1B1CE24765B540081FE69 /* PBXTargetDependency */,
			);
			name = hmsAnalyticsKitDemoUITests;
			productName = hmsAnalyticsKitDemoUITests;
			productReference = 4ED1B1CC24765B540081FE69 /* hmsAnalyticsKitDemoUITests.xctest */;
			productType = "com.apple.product-type.bundle.ui-testing";
		};
/* End PBXNativeTarget section */

/* Begin PBXProject section */
		4ED1B19E24765B520081FE69 /* Project object */ = {
			isa = PBXProject;
			attributes = {
				LastUpgradeCheck = 1130;
				ORGANIZATIONNAME = cbg_bigdata;
				TargetAttributes = {
					4ED1B1A524765B520081FE69 = {
						CreatedOnToolsVersion = 11.3.1;
					};
					4ED1B1C024765B540081FE69 = {
						CreatedOnToolsVersion = 11.3.1;
						TestTargetID = 4ED1B1A524765B520081FE69;
					};
					4ED1B1CB24765B540081FE69 = {
						CreatedOnToolsVersion = 11.3.1;
						TestTargetID = 4ED1B1A524765B520081FE69;
					};
				};
			};
			buildConfigurationList = 4ED1B1A124765B520081FE69 /* Build configuration list for PBXProject "hmsAnalyticsKitDemo" */;
			compatibilityVersion = "Xcode 9.3";
			developmentRegion = en;
			hasScannedForEncodings = 0;
			knownRegions = (
				en,
				Base,
			);
			mainGroup = 4ED1B19D24765B520081FE69;
			productRefGroup = 4ED1B1A724765B520081FE69 /* Products */;
			projectDirPath = "";
			projectRoot = "";
			targets = (
				4ED1B1A524765B520081FE69 /* hmsAnalyticsKitDemo */,
				4ED1B1C024765B540081FE69 /* hmsAnalyticsKitDemoTests */,
				4ED1B1CB24765B540081FE69 /* hmsAnalyticsKitDemoUITests */,
			);
		};
/* End PBXProject section */

/* Begin PBXResourcesBuildPhase section */
		4ED1B1A424765B520081FE69 /* Resources */ = {
			isa = PBXResourcesBuildPhase;
			buildActionMask = 2147483647;
			files = (
				4ED1B1B924765B540081FE69 /* LaunchScreen.storyboard in Resources */,
				4ED1B1B624765B540081FE69 /* Assets.xcassets in Resources */,
				4ED1B1B424765B530081FE69 /* Main.storyboard in Resources */,
				4ED11FE724765D610029DCC6 /* SettingsViewController.xib in Resources */,
			);
			runOnlyForDeploymentPostprocessing = 0;
		};
		4ED1B1BF24765B540081FE69 /* Resources */ = {
			isa = PBXResourcesBuildPhase;
			buildActionMask = 2147483647;
			files = (
			);
			runOnlyForDeploymentPostprocessing = 0;
		};
		4ED1B1CA24765B540081FE69 /* Resources */ = {
			isa = PBXResourcesBuildPhase;
			buildActionMask = 2147483647;
			files = (
			);
			runOnlyForDeploymentPostprocessing = 0;
		};
/* End PBXResourcesBuildPhase section */

/* Begin PBXShellScriptBuildPhase section */
		B9AD2F2D2AB4B3F8CD84D326 /* [CP] Check Pods Manifest.lock */ = {
			isa = PBXShellScriptBuildPhase;
			buildActionMask = 2147483647;
			files = (
			);
			inputFileListPaths = (
			);
			inputPaths = (
				"${PODS_PODFILE_DIR_PATH}/Podfile.lock",
				"${PODS_ROOT}/Manifest.lock",
			);
			name = "[CP] Check Pods Manifest.lock";
			outputFileListPaths = (
			);
			outputPaths = (
				"$(DERIVED_FILE_DIR)/Pods-hmsAnalyticsKitDemo-checkManifestLockResult.txt",
			);
			runOnlyForDeploymentPostprocessing = 0;
			shellPath = /bin/sh;
			shellScript = "diff \"${PODS_PODFILE_DIR_PATH}/Podfile.lock\" \"${PODS_ROOT}/Manifest.lock\" > /dev/null\nif [ $? != 0 ] ; then\n    # print error to STDERR\n    echo \"error: The sandbox is not in sync with the Podfile.lock. Run 'pod install' or update your CocoaPods installation.\" >&2\n    exit 1\nfi\n# This output is used by Xcode 'outputs' to avoid re-running this script phase.\necho \"SUCCESS\" > \"${SCRIPT_OUTPUT_FILE_0}\"\n";
			showEnvVarsInLog = 0;
		};
		CFBE7A0D0693DC5136CF41B1 /* [CP] Check Pods Manifest.lock */ = {
			isa = PBXShellScriptBuildPhase;
			buildActionMask = 2147483647;
			files = (
			);
			inputFileListPaths = (
			);
			inputPaths = (
				"${PODS_PODFILE_DIR_PATH}/Podfile.lock",
				"${PODS_ROOT}/Manifest.lock",
			);
			name = "[CP] Check Pods Manifest.lock";
			outputFileListPaths = (
			);
			outputPaths = (
				"$(DERIVED_FILE_DIR)/Pods-hmsAnalyticsKitDemo-hmsAnalyticsKitDemoUITests-checkManifestLockResult.txt",
			);
			runOnlyForDeploymentPostprocessing = 0;
			shellPath = /bin/sh;
			shellScript = "diff \"${PODS_PODFILE_DIR_PATH}/Podfile.lock\" \"${PODS_ROOT}/Manifest.lock\" > /dev/null\nif [ $? != 0 ] ; then\n    # print error to STDERR\n    echo \"error: The sandbox is not in sync with the Podfile.lock. Run 'pod install' or update your CocoaPods installation.\" >&2\n    exit 1\nfi\n# This output is used by Xcode 'outputs' to avoid re-running this script phase.\necho \"SUCCESS\" > \"${SCRIPT_OUTPUT_FILE_0}\"\n";
			showEnvVarsInLog = 0;
		};
/* End PBXShellScriptBuildPhase section */

/* Begin PBXSourcesBuildPhase section */
		4ED1B1A224765B520081FE69 /* Sources */ = {
			isa = PBXSourcesBuildPhase;
			buildActionMask = 2147483647;
			files = (
				4ED1B1B124765B530081FE69 /* ViewController.m in Sources */,
				4ED1B1AB24765B520081FE69 /* AppDelegate.m in Sources */,
				4ED11FE624765D610029DCC6 /* SettingsViewController.m in Sources */,
				4ED1B1BC24765B540081FE69 /* main.m in Sources */,
				4ED1B1AE24765B520081FE69 /* SceneDelegate.m in Sources */,
			);
			runOnlyForDeploymentPostprocessing = 0;
		};
		4ED1B1BD24765B540081FE69 /* Sources */ = {
			isa = PBXSourcesBuildPhase;
			buildActionMask = 2147483647;
			files = (
				4ED1B1C624765B540081FE69 /* hmsAnalyticsKitDemoTests.m in Sources */,
			);
			runOnlyForDeploymentPostprocessing = 0;
		};
		4ED1B1C824765B540081FE69 /* Sources */ = {
			isa = PBXSourcesBuildPhase;
			buildActionMask = 2147483647;
			files = (
				4ED1B1D124765B540081FE69 /* hmsAnalyticsKitDemoUITests.m in Sources */,
			);
			runOnlyForDeploymentPostprocessing = 0;
		};
/* End PBXSourcesBuildPhase section */

/* Begin PBXTargetDependency section */
		4ED1B1C324765B540081FE69 /* PBXTargetDependency */ = {
			isa = PBXTargetDependency;
			target = 4ED1B1A524765B520081FE69 /* hmsAnalyticsKitDemo */;
			targetProxy = 4ED1B1C224765B540081FE69 /* PBXContainerItemProxy */;
		};
		4ED1B1CE24765B540081FE69 /* PBXTargetDependency */ = {
			isa = PBXTargetDependency;
			target = 4ED1B1A524765B520081FE69 /* hmsAnalyticsKitDemo */;
			targetProxy = 4ED1B1CD24765B540081FE69 /* PBXContainerItemProxy */;
		};
/* End PBXTargetDependency section */

/* Begin PBXVariantGroup section */
		4ED1B1B224765B530081FE69 /* Main.storyboard */ = {
			isa = PBXVariantGroup;
			children = (
				4ED1B1B324765B530081FE69 /* Base */,
			);
			name = Main.storyboard;
			sourceTree = "<group>";
		};
		4ED1B1B724765B540081FE69 /* LaunchScreen.storyboard */ = {
			isa = PBXVariantGroup;
			children = (
				4ED1B1B824765B540081FE69 /* Base */,
			);
			name = LaunchScreen.storyboard;
			sourceTree = "<group>";
		};
/* End PBXVariantGroup section */

/* Begin XCBuildConfiguration section */
		4ED1B1D324765B540081FE69 /* Debug */ = {
			isa = XCBuildConfiguration;
			buildSettings = {
				ALWAYS_SEARCH_USER_PATHS = NO;
				CLANG_ANALYZER_NONNULL = YES;
				CLANG_ANALYZER_NUMBER_OBJECT_CONVERSION = YES_AGGRESSIVE;
				CLANG_CXX_LANGUAGE_STANDARD = "gnu++14";
				CLANG_CXX_LIBRARY = "libc++";
				CLANG_ENABLE_MODULES = YES;
				CLANG_ENABLE_OBJC_ARC = YES;
				CLANG_ENABLE_OBJC_WEAK = YES;
				CLANG_WARN_BLOCK_CAPTURE_AUTORELEASING = YES;
				CLANG_WARN_BOOL_CONVERSION = YES;
				CLANG_WARN_COMMA = YES;
				CLANG_WARN_CONSTANT_CONVERSION = YES;
				CLANG_WARN_DEPRECATED_OBJC_IMPLEMENTATIONS = YES;
				CLANG_WARN_DIRECT_OBJC_ISA_USAGE = YES_ERROR;
				CLANG_WARN_DOCUMENTATION_COMMENTS = YES;
				CLANG_WARN_EMPTY_BODY = YES;
				CLANG_WARN_ENUM_CONVERSION = YES;
				CLANG_WARN_INFINITE_RECURSION = YES;
				CLANG_WARN_INT_CONVERSION = YES;
				CLANG_WARN_NON_LITERAL_NULL_CONVERSION = YES;
				CLANG_WARN_OBJC_IMPLICIT_RETAIN_SELF = YES;
				CLANG_WARN_OBJC_LITERAL_CONVERSION = YES;
				CLANG_WARN_OBJC_ROOT_CLASS = YES_ERROR;
				CLANG_WARN_RANGE_LOOP_ANALYSIS = YES;
				CLANG_WARN_STRICT_PROTOTYPES = YES;
				CLANG_WARN_SUSPICIOUS_MOVE = YES;
				CLANG_WARN_UNGUARDED_AVAILABILITY = YES_AGGRESSIVE;
				CLANG_WARN_UNREACHABLE_CODE = YES;
				CLANG_WARN__DUPLICATE_METHOD_MATCH = YES;
				COPY_PHASE_STRIP = NO;
				DEBUG_INFORMATION_FORMAT = dwarf;
				ENABLE_STRICT_OBJC_MSGSEND = YES;
				ENABLE_TESTABILITY = YES;
				GCC_C_LANGUAGE_STANDARD = gnu11;
				GCC_DYNAMIC_NO_PIC = NO;
				GCC_NO_COMMON_BLOCKS = YES;
				GCC_OPTIMIZATION_LEVEL = 0;
				GCC_PREPROCESSOR_DEFINITIONS = (
					"DEBUG=1",
					"$(inherited)",
				);
				GCC_WARN_64_TO_32_BIT_CONVERSION = YES;
				GCC_WARN_ABOUT_RETURN_TYPE = YES_ERROR;
				GCC_WARN_UNDECLARED_SELECTOR = YES;
				GCC_WARN_UNINITIALIZED_AUTOS = YES_AGGRESSIVE;
				GCC_WARN_UNUSED_FUNCTION = YES;
				GCC_WARN_UNUSED_VARIABLE = YES;
				IPHONEOS_DEPLOYMENT_TARGET = 13.2;
				MTL_ENABLE_DEBUG_INFO = INCLUDE_SOURCE;
				MTL_FAST_MATH = YES;
				ONLY_ACTIVE_ARCH = YES;
				SDKROOT = iphoneos;
			};
			name = Debug;
		};
		4ED1B1D424765B540081FE69 /* Release */ = {
			isa = XCBuildConfiguration;
			buildSettings = {
				ALWAYS_SEARCH_USER_PATHS = NO;
				CLANG_ANALYZER_NONNULL = YES;
				CLANG_ANALYZER_NUMBER_OBJECT_CONVERSION = YES_AGGRESSIVE;
				CLANG_CXX_LANGUAGE_STANDARD = "gnu++14";
				CLANG_CXX_LIBRARY = "libc++";
				CLANG_ENABLE_MODULES = YES;
				CLANG_ENABLE_OBJC_ARC = YES;
				CLANG_ENABLE_OBJC_WEAK = YES;
				CLANG_WARN_BLOCK_CAPTURE_AUTORELEASING = YES;
				CLANG_WARN_BOOL_CONVERSION = YES;
				CLANG_WARN_COMMA = YES;
				CLANG_WARN_CONSTANT_CONVERSION = YES;
				CLANG_WARN_DEPRECATED_OBJC_IMPLEMENTATIONS = YES;
				CLANG_WARN_DIRECT_OBJC_ISA_USAGE = YES_ERROR;
				CLANG_WARN_DOCUMENTATION_COMMENTS = YES;
				CLANG_WARN_EMPTY_BODY = YES;
				CLANG_WARN_ENUM_CONVERSION = YES;
				CLANG_WARN_INFINITE_RECURSION = YES;
				CLANG_WARN_INT_CONVERSION = YES;
				CLANG_WARN_NON_LITERAL_NULL_CONVERSION = YES;
				CLANG_WARN_OBJC_IMPLICIT_RETAIN_SELF = YES;
				CLANG_WARN_OBJC_LITERAL_CONVERSION = YES;
				CLANG_WARN_OBJC_ROOT_CLASS = YES_ERROR;
				CLANG_WARN_RANGE_LOOP_ANALYSIS = YES;
				CLANG_WARN_STRICT_PROTOTYPES = YES;
				CLANG_WARN_SUSPICIOUS_MOVE = YES;
				CLANG_WARN_UNGUARDED_AVAILABILITY = YES_AGGRESSIVE;
				CLANG_WARN_UNREACHABLE_CODE = YES;
				CLANG_WARN__DUPLICATE_METHOD_MATCH = YES;
				COPY_PHASE_STRIP = NO;
				DEBUG_INFORMATION_FORMAT = "dwarf-with-dsym";
				ENABLE_NS_ASSERTIONS = NO;
				ENABLE_STRICT_OBJC_MSGSEND = YES;
				GCC_C_LANGUAGE_STANDARD = gnu11;
				GCC_NO_COMMON_BLOCKS = YES;
				GCC_WARN_64_TO_32_BIT_CONVERSION = YES;
				GCC_WARN_ABOUT_RETURN_TYPE = YES_ERROR;
				GCC_WARN_UNDECLARED_SELECTOR = YES;
				GCC_WARN_UNINITIALIZED_AUTOS = YES_AGGRESSIVE;
				GCC_WARN_UNUSED_FUNCTION = YES;
				GCC_WARN_UNUSED_VARIABLE = YES;
				IPHONEOS_DEPLOYMENT_TARGET = 13.2;
				MTL_ENABLE_DEBUG_INFO = NO;
				MTL_FAST_MATH = YES;
				SDKROOT = iphoneos;
				VALIDATE_PRODUCT = YES;
			};
			name = Release;
		};
		4ED1B1D624765B540081FE69 /* Debug */ = {
			isa = XCBuildConfiguration;
			baseConfigurationReference = BC0B58B7ED803FEC2D298554 /* Pods-hmsAnalyticsKitDemo.debug.xcconfig */;
			buildSettings = {
				ASSETCATALOG_COMPILER_APPICON_NAME = AppIcon;
				CODE_SIGN_STYLE = Automatic;
				DEVELOPMENT_TEAM = HAX6GK3P64;
				INFOPLIST_FILE = hmsAnalyticsKitDemo/Info.plist;
				LD_RUNPATH_SEARCH_PATHS = (
					"$(inherited)",
					"@executable_path/Frameworks",
				);
				PRODUCT_BUNDLE_IDENTIFIER = HWhmsAnalyticsKitDemo;
				PRODUCT_NAME = "$(TARGET_NAME)";
				TARGETED_DEVICE_FAMILY = "1,2";
			};
			name = Debug;
		};
		4ED1B1D724765B540081FE69 /* Release */ = {
			isa = XCBuildConfiguration;
			baseConfigurationReference = C122D5C11670DB30EE587953 /* Pods-hmsAnalyticsKitDemo.release.xcconfig */;
			buildSettings = {
				ASSETCATALOG_COMPILER_APPICON_NAME = AppIcon;
				CODE_SIGN_STYLE = Automatic;
				DEVELOPMENT_TEAM = HAX6GK3P64;
				INFOPLIST_FILE = hmsAnalyticsKitDemo/Info.plist;
				LD_RUNPATH_SEARCH_PATHS = (
					"$(inherited)",
					"@executable_path/Frameworks",
				);
				PRODUCT_BUNDLE_IDENTIFIER = HWhmsAnalyticsKitDemo;
				PRODUCT_NAME = "$(TARGET_NAME)";
				TARGETED_DEVICE_FAMILY = "1,2";
			};
			name = Release;
		};
		4ED1B1D924765B540081FE69 /* Debug */ = {
			isa = XCBuildConfiguration;
			buildSettings = {
				BUNDLE_LOADER = "$(TEST_HOST)";
				CODE_SIGN_STYLE = Automatic;
				DEVELOPMENT_TEAM = HAX6GK3P64;
				INFOPLIST_FILE = hmsAnalyticsKitDemoTests/Info.plist;
				IPHONEOS_DEPLOYMENT_TARGET = 13.2;
				LD_RUNPATH_SEARCH_PATHS = (
					"$(inherited)",
					"@executable_path/Frameworks",
					"@loader_path/Frameworks",
				);
				PRODUCT_BUNDLE_IDENTIFIER = HW.hmsAnalyticsKitDemoTests;
				PRODUCT_NAME = "$(TARGET_NAME)";
				TARGETED_DEVICE_FAMILY = "1,2";
				TEST_HOST = "$(BUILT_PRODUCTS_DIR)/hmsAnalyticsKitDemo.app/hmsAnalyticsKitDemo";
			};
			name = Debug;
		};
		4ED1B1DA24765B540081FE69 /* Release */ = {
			isa = XCBuildConfiguration;
			buildSettings = {
				BUNDLE_LOADER = "$(TEST_HOST)";
				CODE_SIGN_STYLE = Automatic;
				DEVELOPMENT_TEAM = HAX6GK3P64;
				INFOPLIST_FILE = hmsAnalyticsKitDemoTests/Info.plist;
				IPHONEOS_DEPLOYMENT_TARGET = 13.2;
				LD_RUNPATH_SEARCH_PATHS = (
					"$(inherited)",
					"@executable_path/Frameworks",
					"@loader_path/Frameworks",
				);
				PRODUCT_BUNDLE_IDENTIFIER = HW.hmsAnalyticsKitDemoTests;
				PRODUCT_NAME = "$(TARGET_NAME)";
				TARGETED_DEVICE_FAMILY = "1,2";
				TEST_HOST = "$(BUILT_PRODUCTS_DIR)/hmsAnalyticsKitDemo.app/hmsAnalyticsKitDemo";
			};
			name = Release;
		};
		4ED1B1DC24765B540081FE69 /* Debug */ = {
			isa = XCBuildConfiguration;
			baseConfigurationReference = 1330E0AA35C1618C65D13271 /* Pods-hmsAnalyticsKitDemo-hmsAnalyticsKitDemoUITests.debug.xcconfig */;
			buildSettings = {
				CODE_SIGN_STYLE = Automatic;
				DEVELOPMENT_TEAM = HAX6GK3P64;
				INFOPLIST_FILE = hmsAnalyticsKitDemoUITests/Info.plist;
				LD_RUNPATH_SEARCH_PATHS = (
					"$(inherited)",
					"@executable_path/Frameworks",
					"@loader_path/Frameworks",
				);
				PRODUCT_BUNDLE_IDENTIFIER = HW.hmsAnalyticsKitDemoUITests;
				PRODUCT_NAME = "$(TARGET_NAME)";
				TARGETED_DEVICE_FAMILY = "1,2";
				TEST_TARGET_NAME = hmsAnalyticsKitDemo;
			};
			name = Debug;
		};
		4ED1B1DD24765B540081FE69 /* Release */ = {
			isa = XCBuildConfiguration;
			baseConfigurationReference = 910C2D204480A4F4902A9775 /* Pods-hmsAnalyticsKitDemo-hmsAnalyticsKitDemoUITests.release.xcconfig */;
			buildSettings = {
				CODE_SIGN_STYLE = Automatic;
				DEVELOPMENT_TEAM = HAX6GK3P64;
				INFOPLIST_FILE = hmsAnalyticsKitDemoUITests/Info.plist;
				LD_RUNPATH_SEARCH_PATHS = (
					"$(inherited)",
					"@executable_path/Frameworks",
					"@loader_path/Frameworks",
				);
				PRODUCT_BUNDLE_IDENTIFIER = HW.hmsAnalyticsKitDemoUITests;
				PRODUCT_NAME = "$(TARGET_NAME)";
				TARGETED_DEVICE_FAMILY = "1,2";
				TEST_TARGET_NAME = hmsAnalyticsKitDemo;
			};
			name = Release;
		};
/* End XCBuildConfiguration section */

/* Begin XCConfigurationList section */
		4ED1B1A124765B520081FE69 /* Build configuration list for PBXProject "hmsAnalyticsKitDemo" */ = {
			isa = XCConfigurationList;
			buildConfigurations = (
				4ED1B1D324765B540081FE69 /* Debug */,
				4ED1B1D424765B540081FE69 /* Release */,
			);
			defaultConfigurationIsVisible = 0;
			defaultConfigurationName = Release;
		};
		4ED1B1D524765B540081FE69 /* Build configuration list for PBXNativeTarget "hmsAnalyticsKitDemo" */ = {
			isa = XCConfigurationList;
			buildConfigurations = (
				4ED1B1D624765B540081FE69 /* Debug */,
				4ED1B1D724765B540081FE69 /* Release */,
			);
			defaultConfigurationIsVisible = 0;
			defaultConfigurationName = Release;
		};
		4ED1B1D824765B540081FE69 /* Build configuration list for PBXNativeTarget "hmsAnalyticsKitDemoTests" */ = {
			isa = XCConfigurationList;
			buildConfigurations = (
				4ED1B1D924765B540081FE69 /* Debug */,
				4ED1B1DA24765B540081FE69 /* Release */,
			);
			defaultConfigurationIsVisible = 0;
			defaultConfigurationName = Release;
		};
		4ED1B1DB24765B540081FE69 /* Build configuration list for PBXNativeTarget "hmsAnalyticsKitDemoUITests" */ = {
			isa = XCConfigurationList;
			buildConfigurations = (
				4ED1B1DC24765B540081FE69 /* Debug */,
				4ED1B1DD24765B540081FE69 /* Release */,
			);
			defaultConfigurationIsVisible = 0;
			defaultConfigurationName = Release;
		};
/* End XCConfigurationList section */
	};
	rootObject = 4ED1B19E24765B520081FE69 /* Project object */;
}
